Microsoft Visual Studio Solution File, Format Version 12.00
# Visual Studio Version 17
VisualStudioVersion = 17.5.2.0
MinimumVisualStudioVersion = 10.0.40219.1
Project("{FAE04EC0-301F-11D3-BF4B-00C04F79EFBC}") = "team17_textRPG", "team17_textRPG.csproj", "{E57D5598-544E-3354-EE12-CCA7E3C07AD9}"
EndProject
Global
	GlobalSection(SolutionConfigurationPlatforms) = preSolution
		Debug|Any CPU = Debug|Any CPU
		Release|Any CPU = Release|Any CPU
	EndGlobalSection
	GlobalSection(ProjectConfigurationPlatforms) = postSolution
		{E57D5598-544E-3354-EE12-CCA7E3C07AD9}.Debug|Any CPU.ActiveCfg = Debug|Any CPU
		{E57D5598-544E-3354-EE12-CCA7E3C07AD9}.Debug|Any CPU.Build.0 = Debug|Any CPU
		{E57D5598-544E-3354-EE12-CCA7E3C07AD9}.Release|Any CPU.ActiveCfg = Release|Any CPU
		{E57D5598-544E-3354-EE12-CCA7E3C07AD9}.Release|Any CPU.Build.0 = Release|Any CPU
	EndGlobalSection
	GlobalSection(SolutionProperties) = preSolution
		HideSolutionNode = FALSE
	EndGlobalSection
	GlobalSection(ExtensibilityGlobals) = postSolution
		SolutionGuid = {D7278CD1-D463-4AAB-99AA-27917388EEF7}
	EndGlobalSection
EndGlobal
